
Microsoft Visual Studio Solution File, Format Version 12.00
# Visual Studio Version 17
VisualStudioVersion = 17.13.35919.96 d17.13
MinimumVisualStudioVersion = 10.0.40219.1
Project("{8BC9CEB8-8B4A-11D0-8D11-00A0C91BC942}") = "L20250415", "L20250415.vcxproj", "{74FB4204-292D-4587-9366-EA60A5D3CBFF}"
EndProject
Global
	GlobalSection(SolutionConfigurationPlatforms) = preSolution
		Debug|x64 = Debug|x64
		Debug|x86 = Debug|x86
		Release|x64 = Release|x64
		Release|x86 = Release|x86
	EndGlobalSection
	GlobalSection(ProjectConfigurationPlatforms) = postSolution
		{74FB4204-292D-4587-9366-EA60A5D3CBFF}.Debug|x64.ActiveCfg = Debug|x64
		{74FB4204-292D-4587-9366-EA60A5D3CBFF}.Debug|x64.Build.0 = Debug|x64
		{74FB4204-292D-4587-9366-EA60A5D3CBFF}.Debug|x86.ActiveCfg = Debug|Win32
		{74FB4204-292D-4587-9366-EA60A5D3CBFF}.Debug|x86.Build.0 = Debug|Win32
		{74FB4204-292D-4587-9366-EA60A5D3CBFF}.Release|x64.ActiveCfg = Release|x64
		{74FB4204-292D-4587-9366-EA60A5D3CBFF}.Release|x64.Build.0 = Release|x64
		{74FB4204-292D-4587-9366-EA60A5D3CBFF}.Release|x86.ActiveCfg = Release|Win32
		{74FB4204-292D-4587-9366-EA60A5D3CBFF}.Release|x86.Build.0 = Release|Win32
	EndGlobalSection
	GlobalSection(SolutionProperties) = preSolution
		HideSolutionNode = FALSE
	EndGlobalSection
	GlobalSection(ExtensibilityGlobals) = postSolution
		SolutionGuid = {60313887-4B75-4AD1-9250-B1C662D70E07}
	EndGlobalSection
EndGlobal
